
Microsoft Visual Studio Solution File, Format Version 12.00
# Visual Studio Version 17
VisualStudioVersion = 17.0.32112.339
MinimumVisualStudioVersion = 10.0.40219.1
Project("{FAE04EC0-301F-11D3-BF4B-00C04F79EFBC}") = "TgSF", "TgSF.csproj", "{7D69E987-4036-41B3-B990-8794ED72B221}"
EndProject
Global
	GlobalSection(SolutionConfigurationPlatforms) = preSolution
		Debug|Any CPU = Debug|Any CPU
		Release|Any CPU = Release|Any CPU
	EndGlobalSection
	GlobalSection(ProjectConfigurationPlatforms) = postSolution
		{7D69E987-4036-41B3-B990-8794ED72B221}.Debug|Any CPU.ActiveCfg = Debug|Any CPU
		{7D69E987-4036-41B3-B990-8794ED72B221}.Debug|Any CPU.Build.0 = Debug|Any CPU
		{7D69E987-4036-41B3-B990-8794ED72B221}.Release|Any CPU.ActiveCfg = Release|Any CPU
		{7D69E987-4036-41B3-B990-8794ED72B221}.Release|Any CPU.Build.0 = Release|Any CPU
	EndGlobalSection
	GlobalSection(SolutionProperties) = preSolution
		HideSolutionNode = FALSE
	EndGlobalSection
	GlobalSection(ExtensibilityGlobals) = postSolution
		SolutionGuid = {3C5D19AE-E338-488E-9FC4-556AAE0CD6E8}
	EndGlobalSection
EndGlobal
